
Microsoft Visual Studio Solution File, Format Version 12.00
# Visual Studio 15
VisualStudioVersion = 15.0.27428.2043
MinimumVisualStudioVersion = 10.0.40219.1
Project("{FAE04EC0-301F-11D3-BF4B-00C04F79EFBC}") = "Heur", "Heur\Heur.csproj", "{5A4EEBC4-CB95-48B4-942B-D71BB228A5E3}"
EndProject
Global
	GlobalSection(SolutionConfigurationPlatforms) = preSolution
		Debug|Any CPU = Debug|Any CPU
		Release|Any CPU = Release|Any CPU
	EndGlobalSection
	GlobalSection(ProjectConfigurationPlatforms) = postSolution
		{5A4EEBC4-CB95-48B4-942B-D71BB228A5E3}.Debug|Any CPU.ActiveCfg = Debug|Any CPU
		{5A4EEBC4-CB95-48B4-942B-D71BB228A5E3}.Debug|Any CPU.Build.0 = Debug|Any CPU
		{5A4EEBC4-CB95-48B4-942B-D71BB228A5E3}.Release|Any CPU.ActiveCfg = Release|Any CPU
		{5A4EEBC4-CB95-48B4-942B-D71BB228A5E3}.Release|Any CPU.Build.0 = Release|Any CPU
	EndGlobalSection
	GlobalSection(SolutionProperties) = preSolution
		HideSolutionNode = FALSE
	EndGlobalSection
	GlobalSection(ExtensibilityGlobals) = postSolution
		SolutionGuid = {C415889B-0FE3-4644-B00B-FB63210C50C3}
	EndGlobalSection
EndGlobal
